
Microsoft Visual Studio Solution File, Format Version 12.00
# Visual Studio Version 17
VisualStudioVersion = 17.14.36203.30
MinimumVisualStudioVersion = 10.0.40219.1
Project("{FAE04EC0-301F-11D3-BF4B-00C04F79EFBC}") = "SignDocumentService", "SignDocumentService.csproj", "{E2094624-8B1A-46A8-9F1D-6ED51220842A}"
EndProject
Project("{FAE04EC0-301F-11D3-BF4B-00C04F79EFBC}") = "SignBoxWorkerService", "..\SignBoxWorkerService\SignBoxWorkerService.csproj", "{69BBE2C5-2AA0-5F44-05E5-1993457F871F}"
EndProject
Global
	GlobalSection(SolutionConfigurationPlatforms) = preSolution
		Debug|Any CPU = Debug|Any CPU
		Release|Any CPU = Release|Any CPU
	EndGlobalSection
	GlobalSection(ProjectConfigurationPlatforms) = postSolution
		{E2094624-8B1A-46A8-9F1D-6ED51220842A}.Debug|Any CPU.ActiveCfg = Debug|Any CPU
		{E2094624-8B1A-46A8-9F1D-6ED51220842A}.Debug|Any CPU.Build.0 = Debug|Any CPU
		{E2094624-8B1A-46A8-9F1D-6ED51220842A}.Release|Any CPU.ActiveCfg = Release|Any CPU
		{E2094624-8B1A-46A8-9F1D-6ED51220842A}.Release|Any CPU.Build.0 = Release|Any CPU
		{69BBE2C5-2AA0-5F44-05E5-1993457F871F}.Debug|Any CPU.ActiveCfg = Debug|Any CPU
		{69BBE2C5-2AA0-5F44-05E5-1993457F871F}.Debug|Any CPU.Build.0 = Debug|Any CPU
		{69BBE2C5-2AA0-5F44-05E5-1993457F871F}.Release|Any CPU.ActiveCfg = Release|Any CPU
		{69BBE2C5-2AA0-5F44-05E5-1993457F871F}.Release|Any CPU.Build.0 = Release|Any CPU
	EndGlobalSection
	GlobalSection(SolutionProperties) = preSolution
		HideSolutionNode = FALSE
	EndGlobalSection
	GlobalSection(ExtensibilityGlobals) = postSolution
		SolutionGuid = {AC93EF9F-1ABF-4A30-BB74-34D1BFF27A73}
	EndGlobalSection
EndGlobal
